
Microsoft Visual Studio Solution File, Format Version 12.00
# Visual Studio Version 16
VisualStudioVersion = 16.0.31105.61
MinimumVisualStudioVersion = 10.0.40219.1
Project("{FAE04EC0-301F-11D3-BF4B-00C04F79EFBC}") = "Calculator", "Calculator\Calculator.csproj", "{DB22FA72-372A-403F-9701-9419A910E733}"
EndProject
Global
	GlobalSection(SolutionConfigurationPlatforms) = preSolution
		Debug|Any CPU = Debug|Any CPU
		Release|Any CPU = Release|Any CPU
	EndGlobalSection
	GlobalSection(ProjectConfigurationPlatforms) = postSolution
		{DB22FA72-372A-403F-9701-9419A910E733}.Debug|Any CPU.ActiveCfg = Debug|Any CPU
		{DB22FA72-372A-403F-9701-9419A910E733}.Debug|Any CPU.Build.0 = Debug|Any CPU
		{DB22FA72-372A-403F-9701-9419A910E733}.Release|Any CPU.ActiveCfg = Release|Any CPU
		{DB22FA72-372A-403F-9701-9419A910E733}.Release|Any CPU.Build.0 = Release|Any CPU
	EndGlobalSection
	GlobalSection(SolutionProperties) = preSolution
		HideSolutionNode = FALSE
	EndGlobalSection
	GlobalSection(ExtensibilityGlobals) = postSolution
		SolutionGuid = {B17AF1F3-3CF2-41CB-A9FF-91B4D83F0184}
	EndGlobalSection
EndGlobal
